
Microsoft Visual Studio Solution File, Format Version 11.00
# Visual Studio 2010
Project("{FAE04EC0-301F-11D3-BF4B-00C04F79EFBC}") = "Kitsune_LowPoly", "Assembly-CSharp-firstpass.csproj", "{924552B3-5070-5AC6-1C8E-173728851300}"
EndProject
Project("{FAE04EC0-301F-11D3-BF4B-00C04F79EFBC}") = "Kitsune_LowPoly", "Assembly-CSharp.csproj", "{DD7F6138-959D-F187-3444-B111E76500A1}"
EndProject
Project("{FAE04EC0-301F-11D3-BF4B-00C04F79EFBC}") = "Kitsune_LowPoly", "Assembly-CSharp-Editor-firstpass.csproj", "{FF5686E7-6387-6F0C-745B-F4DDF2C8144B}"
EndProject
Global
	GlobalSection(SolutionConfigurationPlatforms) = preSolution
		Debug|Any CPU = Debug|Any CPU
		Release|Any CPU = Release|Any CPU
	EndGlobalSection
	GlobalSection(ProjectConfigurationPlatforms) = postSolution
		{924552B3-5070-5AC6-1C8E-173728851300}.Debug|Any CPU.ActiveCfg = Debug|Any CPU
		{924552B3-5070-5AC6-1C8E-173728851300}.Debug|Any CPU.Build.0 = Debug|Any CPU
		{924552B3-5070-5AC6-1C8E-173728851300}.Release|Any CPU.ActiveCfg = Release|Any CPU
		{924552B3-5070-5AC6-1C8E-173728851300}.Release|Any CPU.Build.0 = Release|Any CPU
		{DD7F6138-959D-F187-3444-B111E76500A1}.Debug|Any CPU.ActiveCfg = Debug|Any CPU
		{DD7F6138-959D-F187-3444-B111E76500A1}.Debug|Any CPU.Build.0 = Debug|Any CPU
		{DD7F6138-959D-F187-3444-B111E76500A1}.Release|Any CPU.ActiveCfg = Release|Any CPU
		{DD7F6138-959D-F187-3444-B111E76500A1}.Release|Any CPU.Build.0 = Release|Any CPU
		{FF5686E7-6387-6F0C-745B-F4DDF2C8144B}.Debug|Any CPU.ActiveCfg = Debug|Any CPU
		{FF5686E7-6387-6F0C-745B-F4DDF2C8144B}.Debug|Any CPU.Build.0 = Debug|Any CPU
		{FF5686E7-6387-6F0C-745B-F4DDF2C8144B}.Release|Any CPU.ActiveCfg = Release|Any CPU
		{FF5686E7-6387-6F0C-745B-F4DDF2C8144B}.Release|Any CPU.Build.0 = Release|Any CPU
	EndGlobalSection
	GlobalSection(SolutionProperties) = preSolution
		HideSolutionNode = FALSE
	EndGlobalSection
	GlobalSection(MonoDevelopProperties) = preSolution
		StartupItem = Assembly-CSharp.csproj
	EndGlobalSection
EndGlobal
